
Microsoft Visual Studio Solution File, Format Version 12.00
# Visual Studio Version 16
VisualStudioVersion = 16.0.30330.147
MinimumVisualStudioVersion = 10.0.40219.1
Project("{9A19103F-16F7-4668-BE54-9A1E7A4F7556}") = "PieLibraryApi", "PieLibraryApi\PieLibraryApi.csproj", "{0BB03669-ECF4-4199-A3AC-9271437B2970}"
EndProject
Project("{FAE04EC0-301F-11D3-BF4B-00C04F79EFBC}") = "CoffeeWeb", "CoffeeWeb\CoffeeWeb.csproj", "{4BC89912-9AAB-4800-89E6-99E93AEA152B}"
EndProject
Global
	GlobalSection(SolutionConfigurationPlatforms) = preSolution
		Debug|Any CPU = Debug|Any CPU
		Release|Any CPU = Release|Any CPU
	EndGlobalSection
	GlobalSection(ProjectConfigurationPlatforms) = postSolution
		{0BB03669-ECF4-4199-A3AC-9271437B2970}.Debug|Any CPU.ActiveCfg = Debug|Any CPU
		{0BB03669-ECF4-4199-A3AC-9271437B2970}.Debug|Any CPU.Build.0 = Debug|Any CPU
		{0BB03669-ECF4-4199-A3AC-9271437B2970}.Release|Any CPU.ActiveCfg = Release|Any CPU
		{0BB03669-ECF4-4199-A3AC-9271437B2970}.Release|Any CPU.Build.0 = Release|Any CPU
		{4BC89912-9AAB-4800-89E6-99E93AEA152B}.Debug|Any CPU.ActiveCfg = Debug|Any CPU
		{4BC89912-9AAB-4800-89E6-99E93AEA152B}.Debug|Any CPU.Build.0 = Debug|Any CPU
		{4BC89912-9AAB-4800-89E6-99E93AEA152B}.Release|Any CPU.ActiveCfg = Release|Any CPU
		{4BC89912-9AAB-4800-89E6-99E93AEA152B}.Release|Any CPU.Build.0 = Release|Any CPU
	EndGlobalSection
	GlobalSection(SolutionProperties) = preSolution
		HideSolutionNode = FALSE
	EndGlobalSection
	GlobalSection(ExtensibilityGlobals) = postSolution
		SolutionGuid = {8F46D578-6E95-410E-9F93-BD894CAB294D}
	EndGlobalSection
EndGlobal
